
Microsoft Visual Studio Solution File, Format Version 12.00
# Visual Studio Version 17
VisualStudioVersion = 17.0.31903.59
MinimumVisualStudioVersion = 10.0.40219.1
Project("{2150E333-8FDC-42A3-9474-1A3956D46DE8}") = "src", "src", "{5089134C-FA32-4A91-AFEC-F8C87A0ED2A0}"
EndProject
Project("{FAE04EC0-301F-11D3-BF4B-00C04F79EFBC}") = "Dry4CSharp", "src\Dry4CSharp\Dry4CSharp.csproj", "{62731CC2-2EE0-483F-901F-AE819C738242}"
EndProject
Project("{2150E333-8FDC-42A3-9474-1A3956D46DE8}") = "tests", "tests", "{CBAA92FF-2292-4E7F-A714-A711A0487A22}"
EndProject
Project("{FAE04EC0-301F-11D3-BF4B-00C04F79EFBC}") = "Dry4CSharp.Tests", "tests\Dry4CSharp.Tests\Dry4CSharp.Tests.csproj", "{6C7E0AD6-32F1-47D6-B71A-69DD37AF358B}"
EndProject
Global
	GlobalSection(SolutionConfigurationPlatforms) = preSolution
		Debug|Any CPU = Debug|Any CPU
		Release|Any CPU = Release|Any CPU
	EndGlobalSection
	GlobalSection(SolutionProperties) = preSolution
		HideSolutionNode = FALSE
	EndGlobalSection
	GlobalSection(ProjectConfigurationPlatforms) = postSolution
		{62731CC2-2EE0-483F-901F-AE819C738242}.Debug|Any CPU.ActiveCfg = Debug|Any CPU
		{62731CC2-2EE0-483F-901F-AE819C738242}.Debug|Any CPU.Build.0 = Debug|Any CPU
		{62731CC2-2EE0-483F-901F-AE819C738242}.Release|Any CPU.ActiveCfg = Release|Any CPU
		{62731CC2-2EE0-483F-901F-AE819C738242}.Release|Any CPU.Build.0 = Release|Any CPU
		{6C7E0AD6-32F1-47D6-B71A-69DD37AF358B}.Debug|Any CPU.ActiveCfg = Debug|Any CPU
		{6C7E0AD6-32F1-47D6-B71A-69DD37AF358B}.Debug|Any CPU.Build.0 = Debug|Any CPU
		{6C7E0AD6-32F1-47D6-B71A-69DD37AF358B}.Release|Any CPU.ActiveCfg = Release|Any CPU
		{6C7E0AD6-32F1-47D6-B71A-69DD37AF358B}.Release|Any CPU.Build.0 = Release|Any CPU
	EndGlobalSection
	GlobalSection(NestedProjects) = preSolution
		{62731CC2-2EE0-483F-901F-AE819C738242} = {5089134C-FA32-4A91-AFEC-F8C87A0ED2A0}
		{6C7E0AD6-32F1-47D6-B71A-69DD37AF358B} = {CBAA92FF-2292-4E7F-A714-A711A0487A22}
	EndGlobalSection
EndGlobal
